
Microsoft Visual Studio Solution File, Format Version 12.00
# Visual Studio Version 17
VisualStudioVersion = 17.0.31903.59
MinimumVisualStudioVersion = 10.0.40219.1
Project("{9A19103F-16F7-4668-BE54-9A1E7A4F7556}") = "OpalOPC", "OpalOPC\OpalOPC.csproj", "{4675BA90-395B-4F51-A1D4-6C752BE71A0E}"
EndProject
Project("{9A19103F-16F7-4668-BE54-9A1E7A4F7556}") = "OpalOPC.Tests", "OpalOPC.Tests\OpalOPC.Tests.csproj", "{EBC2BA21-67CE-40B4-A505-F89F6F6F0314}"
EndProject
Project("{9A19103F-16F7-4668-BE54-9A1E7A4F7556}") = "OpalOPC.WPF", "OpalOPC.WPF\OpalOPC.WPF.csproj", "{A70C0299-AF8E-4451-A749-9A48ADD48894}"
EndProject
Project("{C7167F0D-BC9F-4E6E-AFE1-012C56B48DB5}") = "WindowsPackaging", "WindowsPackaging\WindowsPackaging.wapproj", "{9C98553B-1B40-4A43-8CEE-E085274C9B0D}"
EndProject
Global
	GlobalSection(SolutionConfigurationPlatforms) = preSolution
		Debug|Any CPU = Debug|Any CPU
		Debug|ARM = Debug|ARM
		Debug|ARM64 = Debug|ARM64
		Debug|x64 = Debug|x64
		Debug|x86 = Debug|x86
		Release|Any CPU = Release|Any CPU
		Release|ARM = Release|ARM
		Release|ARM64 = Release|ARM64
		Release|x64 = Release|x64
		Release|x86 = Release|x86
	EndGlobalSection
	GlobalSection(ProjectConfigurationPlatforms) = postSolution
		{4675BA90-395B-4F51-A1D4-6C752BE71A0E}.Debug|Any CPU.ActiveCfg = Debug|Any CPU
		{4675BA90-395B-4F51-A1D4-6C752BE71A0E}.Debug|Any CPU.Build.0 = Debug|Any CPU
		{4675BA90-395B-4F51-A1D4-6C752BE71A0E}.Debug|ARM.ActiveCfg = Debug|Any CPU
		{4675BA90-395B-4F51-A1D4-6C752BE71A0E}.Debug|ARM.Build.0 = Debug|Any CPU
		{4675BA90-395B-4F51-A1D4-6C752BE71A0E}.Debug|ARM64.ActiveCfg = Debug|Any CPU
		{4675BA90-395B-4F51-A1D4-6C752BE71A0E}.Debug|ARM64.Build.0 = Debug|Any CPU
		{4675BA90-395B-4F51-A1D4-6C752BE71A0E}.Debug|x64.ActiveCfg = Debug|Any CPU
		{4675BA90-395B-4F51-A1D4-6C752BE71A0E}.Debug|x64.Build.0 = Debug|Any CPU
		{4675BA90-395B-4F51-A1D4-6C752BE71A0E}.Debug|x86.ActiveCfg = Debug|Any CPU
		{4675BA90-395B-4F51-A1D4-6C752BE71A0E}.Debug|x86.Build.0 = Debug|Any CPU
		{4675BA90-395B-4F51-A1D4-6C752BE71A0E}.Release|Any CPU.ActiveCfg = Release|Any CPU
		{4675BA90-395B-4F51-A1D4-6C752BE71A0E}.Release|Any CPU.Build.0 = Release|Any CPU
		{4675BA90-395B-4F51-A1D4-6C752BE71A0E}.Release|ARM.ActiveCfg = Release|Any CPU
		{4675BA90-395B-4F51-A1D4-6C752BE71A0E}.Release|ARM.Build.0 = Release|Any CPU
		{4675BA90-395B-4F51-A1D4-6C752BE71A0E}.Release|ARM64.ActiveCfg = Release|Any CPU
		{4675BA90-395B-4F51-A1D4-6C752BE71A0E}.Release|ARM64.Build.0 = Release|Any CPU
		{4675BA90-395B-4F51-A1D4-6C752BE71A0E}.Release|x64.ActiveCfg = Release|Any CPU
		{4675BA90-395B-4F51-A1D4-6C752BE71A0E}.Release|x64.Build.0 = Release|Any CPU
		{4675BA90-395B-4F51-A1D4-6C752BE71A0E}.Release|x86.ActiveCfg = Release|Any CPU
		{4675BA90-395B-4F51-A1D4-6C752BE71A0E}.Release|x86.Build.0 = Release|Any CPU
		{EBC2BA21-67CE-40B4-A505-F89F6F6F0314}.Debug|Any CPU.ActiveCfg = Debug|Any CPU
		{EBC2BA21-67CE-40B4-A505-F89F6F6F0314}.Debug|Any CPU.Build.0 = Debug|Any CPU
		{EBC2BA21-67CE-40B4-A505-F89F6F6F0314}.Debug|ARM.ActiveCfg = Debug|Any CPU
		{EBC2BA21-67CE-40B4-A505-F89F6F6F0314}.Debug|ARM.Build.0 = Debug|Any CPU
		{EBC2BA21-67CE-40B4-A505-F89F6F6F0314}.Debug|ARM64.ActiveCfg = Debug|Any CPU
		{EBC2BA21-67CE-40B4-A505-F89F6F6F0314}.Debug|ARM64.Build.0 = Debug|Any CPU
		{EBC2BA21-67CE-40B4-A505-F89F6F6F0314}.Debug|x64.ActiveCfg = Debug|Any CPU
		{EBC2BA21-67CE-40B4-A505-F89F6F6F0314}.Debug|x64.Build.0 = Debug|Any CPU
		{EBC2BA21-67CE-40B4-A505-F89F6F6F0314}.Debug|x86.ActiveCfg = Debug|Any CPU
		{EBC2BA21-67CE-40B4-A505-F89F6F6F0314}.Debug|x86.Build.0 = Debug|Any CPU
		{EBC2BA21-67CE-40B4-A505-F89F6F6F0314}.Release|Any CPU.ActiveCfg = Release|Any CPU
		{EBC2BA21-67CE-40B4-A505-F89F6F6F0314}.Release|Any CPU.Build.0 = Release|Any CPU
		{EBC2BA21-67CE-40B4-A505-F89F6F6F0314}.Release|ARM.ActiveCfg = Release|Any CPU
		{EBC2BA21-67CE-40B4-A505-F89F6F6F0314}.Release|ARM.Build.0 = Release|Any CPU
		{EBC2BA21-67CE-40B4-A505-F89F6F6F0314}.Release|ARM64.ActiveCfg = Release|Any CPU
		{EBC2BA21-67CE-40B4-A505-F89F6F6F0314}.Release|ARM64.Build.0 = Release|Any CPU
		{EBC2BA21-67CE-40B4-A505-F89F6F6F0314}.Release|x64.ActiveCfg = Release|Any CPU
		{EBC2BA21-67CE-40B4-A505-F89F6F6F0314}.Release|x64.Build.0 = Release|Any CPU
		{EBC2BA21-67CE-40B4-A505-F89F6F6F0314}.Release|x86.ActiveCfg = Release|Any CPU
		{EBC2BA21-67CE-40B4-A505-F89F6F6F0314}.Release|x86.Build.0 = Release|Any CPU
		{A70C0299-AF8E-4451-A749-9A48ADD48894}.Debug|Any CPU.ActiveCfg = Debug|Any CPU
		{A70C0299-AF8E-4451-A749-9A48ADD48894}.Debug|Any CPU.Build.0 = Debug|Any CPU
		{A70C0299-AF8E-4451-A749-9A48ADD48894}.Debug|ARM.ActiveCfg = Debug|Any CPU
		{A70C0299-AF8E-4451-A749-9A48ADD48894}.Debug|ARM.Build.0 = Debug|Any CPU
		{A70C0299-AF8E-4451-A749-9A48ADD48894}.Debug|ARM64.ActiveCfg = Debug|Any CPU
		{A70C0299-AF8E-4451-A749-9A48ADD48894}.Debug|ARM64.Build.0 = Debug|Any CPU
		{A70C0299-AF8E-4451-A749-9A48ADD48894}.Debug|x64.ActiveCfg = Debug|Any CPU
		{A70C0299-AF8E-4451-A749-9A48ADD48894}.Debug|x64.Build.0 = Debug|Any CPU
		{A70C0299-AF8E-4451-A749-9A48ADD48894}.Debug|x86.ActiveCfg = Debug|Any CPU
		{A70C0299-AF8E-4451-A749-9A48ADD48894}.Debug|x86.Build.0 = Debug|Any CPU
		{A70C0299-AF8E-4451-A749-9A48ADD48894}.Release|Any CPU.ActiveCfg = Release|Any CPU
		{A70C0299-AF8E-4451-A749-9A48ADD48894}.Release|Any CPU.Build.0 = Release|Any CPU
		{A70C0299-AF8E-4451-A749-9A48ADD48894}.Release|ARM.ActiveCfg = Release|Any CPU
		{A70C0299-AF8E-4451-A749-9A48ADD48894}.Release|ARM.Build.0 = Release|Any CPU
		{A70C0299-AF8E-4451-A749-9A48ADD48894}.Release|ARM64.ActiveCfg = Release|Any CPU
		{A70C0299-AF8E-4451-A749-9A48ADD48894}.Release|ARM64.Build.0 = Release|Any CPU
		{A70C0299-AF8E-4451-A749-9A48ADD48894}.Release|x64.ActiveCfg = Release|Any CPU
		{A70C0299-AF8E-4451-A749-9A48ADD48894}.Release|x64.Build.0 = Release|Any CPU
		{A70C0299-AF8E-4451-A749-9A48ADD48894}.Release|x86.ActiveCfg = Release|Any CPU
		{A70C0299-AF8E-4451-A749-9A48ADD48894}.Release|x86.Build.0 = Release|Any CPU
		{9C98553B-1B40-4A43-8CEE-E085274C9B0D}.Debug|Any CPU.ActiveCfg = Debug|Any CPU
		{9C98553B-1B40-4A43-8CEE-E085274C9B0D}.Debug|Any CPU.Build.0 = Debug|Any CPU
		{9C98553B-1B40-4A43-8CEE-E085274C9B0D}.Debug|Any CPU.Deploy.0 = Debug|Any CPU
		{9C98553B-1B40-4A43-8CEE-E085274C9B0D}.Debug|ARM.ActiveCfg = Debug|ARM
		{9C98553B-1B40-4A43-8CEE-E085274C9B0D}.Debug|ARM.Build.0 = Debug|ARM
		{9C98553B-1B40-4A43-8CEE-E085274C9B0D}.Debug|ARM.Deploy.0 = Debug|ARM
		{9C98553B-1B40-4A43-8CEE-E085274C9B0D}.Debug|ARM64.ActiveCfg = Debug|ARM64
		{9C98553B-1B40-4A43-8CEE-E085274C9B0D}.Debug|ARM64.Build.0 = Debug|ARM64
		{9C98553B-1B40-4A43-8CEE-E085274C9B0D}.Debug|ARM64.Deploy.0 = Debug|ARM64
		{9C98553B-1B40-4A43-8CEE-E085274C9B0D}.Debug|x64.ActiveCfg = Debug|x64
		{9C98553B-1B40-4A43-8CEE-E085274C9B0D}.Debug|x64.Build.0 = Debug|x64
		{9C98553B-1B40-4A43-8CEE-E085274C9B0D}.Debug|x64.Deploy.0 = Debug|x64
		{9C98553B-1B40-4A43-8CEE-E085274C9B0D}.Debug|x86.ActiveCfg = Debug|x86
		{9C98553B-1B40-4A43-8CEE-E085274C9B0D}.Debug|x86.Build.0 = Debug|x86
		{9C98553B-1B40-4A43-8CEE-E085274C9B0D}.Debug|x86.Deploy.0 = Debug|x86
		{9C98553B-1B40-4A43-8CEE-E085274C9B0D}.Release|Any CPU.ActiveCfg = Release|Any CPU
		{9C98553B-1B40-4A43-8CEE-E085274C9B0D}.Release|Any CPU.Build.0 = Release|Any CPU
		{9C98553B-1B40-4A43-8CEE-E085274C9B0D}.Release|Any CPU.Deploy.0 = Release|Any CPU
		{9C98553B-1B40-4A43-8CEE-E085274C9B0D}.Release|ARM.ActiveCfg = Release|ARM
		{9C98553B-1B40-4A43-8CEE-E085274C9B0D}.Release|ARM.Build.0 = Release|ARM
		{9C98553B-1B40-4A43-8CEE-E085274C9B0D}.Release|ARM.Deploy.0 = Release|ARM
		{9C98553B-1B40-4A43-8CEE-E085274C9B0D}.Release|ARM64.ActiveCfg = Release|ARM64
		{9C98553B-1B40-4A43-8CEE-E085274C9B0D}.Release|ARM64.Build.0 = Release|ARM64
		{9C98553B-1B40-4A43-8CEE-E085274C9B0D}.Release|ARM64.Deploy.0 = Release|ARM64
		{9C98553B-1B40-4A43-8CEE-E085274C9B0D}.Release|x64.ActiveCfg = Release|x64
		{9C98553B-1B40-4A43-8CEE-E085274C9B0D}.Release|x64.Build.0 = Release|x64
		{9C98553B-1B40-4A43-8CEE-E085274C9B0D}.Release|x64.Deploy.0 = Release|x64
		{9C98553B-1B40-4A43-8CEE-E085274C9B0D}.Release|x86.ActiveCfg = Release|x86
		{9C98553B-1B40-4A43-8CEE-E085274C9B0D}.Release|x86.Build.0 = Release|x86
		{9C98553B-1B40-4A43-8CEE-E085274C9B0D}.Release|x86.Deploy.0 = Release|x86
	EndGlobalSection
	GlobalSection(SolutionProperties) = preSolution
		HideSolutionNode = FALSE
	EndGlobalSection
	GlobalSection(ExtensibilityGlobals) = postSolution
		SolutionGuid = {4933F481-749C-44FC-BADB-4BCEB3EB81EA}
	EndGlobalSection
EndGlobal
